
Microsoft Visual Studio Solution File, Format Version 12.00
# Visual Studio Version 17
VisualStudioVersion = 17.1.31911.260
MinimumVisualStudioVersion = 10.0.40219.1
Project("{9A19103F-16F7-4668-BE54-9A1E7A4F7556}") = "Xadrez_Console", "Xadrez_Console\Xadrez_Console.csproj", "{402D1C4B-A135-40EE-A099-E6C5F6B05EFA}"
EndProject
Project("{2150E333-8FDC-42A3-9474-1A3956D46DE8}") = "Solution Items", "Solution Items", "{B25B710A-1053-4C62-A164-FE06B8CA11A3}"
	ProjectSection(SolutionItems) = preProject
		.editorconfig = .editorconfig
	EndProjectSection
EndProject
Global
	GlobalSection(SolutionConfigurationPlatforms) = preSolution
		Debug|Any CPU = Debug|Any CPU
		Release|Any CPU = Release|Any CPU
	EndGlobalSection
	GlobalSection(ProjectConfigurationPlatforms) = postSolution
		{402D1C4B-A135-40EE-A099-E6C5F6B05EFA}.Debug|Any CPU.ActiveCfg = Debug|Any CPU
		{402D1C4B-A135-40EE-A099-E6C5F6B05EFA}.Debug|Any CPU.Build.0 = Debug|Any CPU
		{402D1C4B-A135-40EE-A099-E6C5F6B05EFA}.Release|Any CPU.ActiveCfg = Release|Any CPU
		{402D1C4B-A135-40EE-A099-E6C5F6B05EFA}.Release|Any CPU.Build.0 = Release|Any CPU
	EndGlobalSection
	GlobalSection(SolutionProperties) = preSolution
		HideSolutionNode = FALSE
	EndGlobalSection
	GlobalSection(ExtensibilityGlobals) = postSolution
		SolutionGuid = {1D86260B-1BE3-4C60-9A75-0CF798A361A8}
	EndGlobalSection
EndGlobal
